// !$*UTF8*$!
{
	archiveVersion = 1;
	classes = {
	};
	objectVersion = 50;
	objects = {

/* Begin PBXBuildFile section */
		22DF0EFC26061EEC00C3525F /* AppDelegate.swift in Sources */ = {isa = PBXBuildFile; fileRef = 22DF0EFB26061EEC00C3525F /* AppDelegate.swift */; };
		22DF0EFE26061EEC00C3525F /* SceneDelegate.swift in Sources */ = {isa = PBXBuildFile; fileRef = 22DF0EFD26061EEC00C3525F /* SceneDelegate.swift */; };
		22DF0F0026061EEC00C3525F /* ViewController.swift in Sources */ = {isa = PBXBuildFile; fileRef = 22DF0EFF26061EEC00C3525F /* ViewController.swift */; };
		22DF0F0326061EEC00C3525F /* Main.storyboard in Resources */ = {isa = PBXBuildFile; fileRef = 22DF0F0126061EEC00C3525F /* Main.storyboard */; };
		22DF0F0526061EF200C3525F /* Assets.xcassets in Resources */ = {isa = PBXBuildFile; fileRef = 22DF0F0426061EF200C3525F /* Assets.xcassets */; };
		22DF0F0826061EF200C3525F /* LaunchScreen.storyboard in Resources */ = {isa = PBXBuildFile; fileRef = 22DF0F0626061EF200C3525F /* LaunchScreen.storyboard */; };
		22DF0F10260622A700C3525F /* CountriesTableViewController.swift in Sources */ = {isa = PBXBuildFile; fileRef = 22DF0F0F260622A700C3525F /* CountriesTableViewController.swift */; };
		22DF0F142606264C00C3525F /* Country.swift in Sources */ = {isa = PBXBuildFile; fileRef = 22DF0F132606264C00C3525F /* Country.swift */; };
		22DF0F172606267400C3525F /* Countries.swift in Sources */ = {isa = PBXBuildFile; fileRef = 22DF0F162606267400C3525F /* Countries.swift */; };
		22DF0F1E26062C2C00C3525F /* copyright.txt in Resources */ = {isa = PBXBuildFile; fileRef = 22DF0F1826062C2B00C3525F /* copyright.txt */; };
/* End PBXBuildFile section */

/* Begin PBXFileReference section */
		22DF0EF826061EEC00C3525F /* TP2_Groupe_1.app */ = {isa = PBXFileReference; explicitFileType = wrapper.application; includeInIndex = 0; path = TP2_Groupe_1.app; sourceTree = BUILT_PRODUCTS_DIR; };
		22DF0EFB26061EEC00C3525F /* AppDelegate.swift */ = {isa = PBXFileReference; lastKnownFileType = sourcecode.swift; path = AppDelegate.swift; sourceTree = "<group>"; };
		22DF0EFD26061EEC00C3525F /* SceneDelegate.swift */ = {isa = PBXFileReference; lastKnownFileType = sourcecode.swift; path = SceneDelegate.swift; sourceTree = "<group>"; };
		22DF0EFF26061EEC00C3525F /* ViewController.swift */ = {isa = PBXFileReference; lastKnownFileType = sourcecode.swift; path = ViewController.swift; sourceTree = "<group>"; };
		22DF0F0226061EEC00C3525F /* Base */ = {isa = PBXFileReference; lastKnownFileType = file.storyboard; name = Base; path = Base.lproj/Main.storyboard; sourceTree = "<group>"; };
		22DF0F0426061EF200C3525F /* Assets.xcassets */ = {isa = PBXFileReference; lastKnownFileType = folder.assetcatalog; path = Assets.xcassets; sourceTree = "<group>"; };
		22DF0F0726061EF200C3525F /* Base */ = {isa = PBXFileReference; lastKnownFileType = file.storyboard; name = Base; path = Base.lproj/LaunchScreen.storyboard; sourceTree = "<group>"; };
		22DF0F0926061EF200C3525F /* Info.plist */ = {isa = PBXFileReference; lastKnownFileType = text.plist.xml; path = Info.plist; sourceTree = "<group>"; };
		22DF0F0F260622A700C3525F /* CountriesTableViewController.swift */ = {isa = PBXFileReference; lastKnownFileType = sourcecode.swift; path = CountriesTableViewController.swift; sourceTree = "<group>"; };
		22DF0F132606264C00C3525F /* Country.swift */ = {isa = PBXFileReference; lastKnownFileType = sourcecode.swift; path = Country.swift; sourceTree = "<group>"; };
		22DF0F162606267400C3525F /* Countries.swift */ = {isa = PBXFileReference; lastKnownFileType = sourcecode.swift; path = Countries.swift; sourceTree = "<group>"; };
		22DF0F1826062C2B00C3525F /* copyright.txt */ = {isa = PBXFileReference; fileEncoding = 4; lastKnownFileType = text; name = copyright.txt; path = "../../../../Documents/fikambanana/country-images-master/copyright.txt"; sourceTree = "<group>"; };
/* End PBXFileReference section */

/* Begin PBXFrameworksBuildPhase section */
		22DF0EF526061EEC00C3525F /* Frameworks */ = {
			isa = PBXFrameworksBuildPhase;
			buildActionMask = 2147483647;
			files = (
			);
			runOnlyForDeploymentPostprocessing = 0;
		};
/* End PBXFrameworksBuildPhase section */

/* Begin PBXGroup section */
		22DF0EEF26061EEC00C3525F = {
			isa = PBXGroup;
			children = (
				22DF0EFA26061EEC00C3525F /* TP2_Groupe_1 */,
				22DF0EF926061EEC00C3525F /* Products */,
			);
			sourceTree = "<group>";
		};
		22DF0EF926061EEC00C3525F /* Products */ = {
			isa = PBXGroup;
			children = (
				22DF0EF826061EEC00C3525F /* TP2_Groupe_1.app */,
			);
			name = Products;
			sourceTree = "<group>";
		};
		22DF0EFA26061EEC00C3525F /* TP2_Groupe_1 */ = {
			isa = PBXGroup;
			children = (
				22DF0F2426062EA800C3525F /* Utils */,
				22DF0F152606265E00C3525F /* data */,
				22DF0F122606260400C3525F /* models */,
				22DF0EFB26061EEC00C3525F /* AppDelegate.swift */,
				22DF0EFD26061EEC00C3525F /* SceneDelegate.swift */,
				22DF0EFF26061EEC00C3525F /* ViewController.swift */,
				22DF0F0126061EEC00C3525F /* Main.storyboard */,
				22DF0F0F260622A700C3525F /* CountriesTableViewController.swift */,
				22DF0F0426061EF200C3525F /* Assets.xcassets */,
				22DF0F1826062C2B00C3525F /* copyright.txt */,
				22DF0F0626061EF200C3525F /* LaunchScreen.storyboard */,
				22DF0F0926061EF200C3525F /* Info.plist */,
			);
			path = TP2_Groupe_1;
			sourceTree = "<group>";
		};
		22DF0F122606260400C3525F /* models */ = {
			isa = PBXGroup;
			children = (
				22DF0F132606264C00C3525F /* Country.swift */,
			);
			path = models;
			sourceTree = "<group>";
		};
		22DF0F152606265E00C3525F /* data */ = {
			isa = PBXGroup;
			children = (
				22DF0F162606267400C3525F /* Countries.swift */,
			);
			path = data;
			sourceTree = "<group>";
		};
		22DF0F2426062EA800C3525F /* Utils */ = {
			isa = PBXGroup;
			children = (
			);
			path = Utils;
			sourceTree = "<group>";
		};
/* End PBXGroup section */

/* Begin PBXNativeTarget section */
		22DF0EF726061EEC00C3525F /* TP2_Groupe_1 */ = {
			isa = PBXNativeTarget;
			buildConfigurationList = 22DF0F0C26061EF200C3525F /* Build configuration list for PBXNativeTarget "TP2_Groupe_1" */;
			buildPhases = (
				22DF0EF426061EEC00C3525F /* Sources */,
				22DF0EF526061EEC00C3525F /* Frameworks */,
				22DF0EF626061EEC00C3525F /* Resources */,
			);
			buildRules = (
			);
			dependencies = (
			);
			name = TP2_Groupe_1;
			productName = TP2_Groupe_1;
			productReference = 22DF0EF826061EEC00C3525F /* TP2_Groupe_1.app */;
			productType = "com.apple.product-type.application";
		};
/* End PBXNativeTarget section */

/* Begin PBXProject section */
		22DF0EF026061EEC00C3525F /* Project object */ = {
			isa = PBXProject;
			attributes = {
				LastSwiftUpdateCheck = 1150;
				LastUpgradeCheck = 1150;
				ORGANIZATIONNAME = Fikambanana;
				TargetAttributes = {
					22DF0EF726061EEC00C3525F = {
						CreatedOnToolsVersion = 11.5;
					};
				};
			};
			buildConfigurationList = 22DF0EF326061EEC00C3525F /* Build configuration list for PBXProject "TP2_Groupe_1" */;
			compatibilityVersion = "Xcode 9.3";
			developmentRegion = en;
			hasScannedForEncodings = 0;
			knownRegions = (
				en,
				Base,
			);
			mainGroup = 22DF0EEF26061EEC00C3525F;
			productRefGroup = 22DF0EF926061EEC00C3525F /* Products */;
			projectDirPath = "";
			projectRoot = "";
			targets = (
				22DF0EF726061EEC00C3525F /* TP2_Groupe_1 */,
			);
		};
/* End PBXProject section */

/* Begin PBXResourcesBuildPhase section */
		22DF0EF626061EEC00C3525F /* Resources */ = {
			isa = PBXResourcesBuildPhase;
			buildActionMask = 2147483647;
			files = (
				22DF0F1E26062C2C00C3525F /* copyright.txt in Resources */,
				22DF0F0826061EF200C3525F /* LaunchScreen.storyboard in Resources */,
				22DF0F0526061EF200C3525F /* Assets.xcassets in Resources */,
				22DF0F0326061EEC00C3525F /* Main.storyboard in Resources */,
			);
			runOnlyForDeploymentPostprocessing = 0;
		};
/* End PBXResourcesBuildPhase section */

/* Begin PBXSourcesBuildPhase section */
		22DF0EF426061EEC00C3525F /* Sources */ = {
			isa = PBXSourcesBuildPhase;
			buildActionMask = 2147483647;
			files = (
				22DF0F10260622A700C3525F /* CountriesTableViewController.swift in Sources */,
				22DF0F0026061EEC00C3525F /* ViewController.swift in Sources */,
				22DF0EFC26061EEC00C3525F /* AppDelegate.swift in Sources */,
				22DF0F142606264C00C3525F /* Country.swift in Sources */,
				22DF0F172606267400C3525F /* Countries.swift in Sources */,
				22DF0EFE26061EEC00C3525F /* SceneDelegate.swift in Sources */,
			);
			runOnlyForDeploymentPostprocessing = 0;
		};
/* End PBXSourcesBuildPhase section */

/* Begin PBXVariantGroup section */
		22DF0F0126061EEC00C3525F /* Main.storyboard */ = {
			isa = PBXVariantGroup;
			children = (
				22DF0F0226061EEC00C3525F /* Base */,
			);
			name = Main.storyboard;
			sourceTree = "<group>";
		};
		22DF0F0626061EF200C3525F /* LaunchScreen.storyboard */ = {
			isa = PBXVariantGroup;
			children = (
				22DF0F0726061EF200C3525F /* Base */,
			);
			name = LaunchScreen.storyboard;
			sourceTree = "<group>";
		};
/* End PBXVariantGroup section */

/* Begin XCBuildConfiguration section */
		22DF0F0A26061EF200C3525F /* Debug */ = {
			isa = XCBuildConfiguration;
			buildSettings = {
				ALWAYS_SEARCH_USER_PATHS = NO;
				CLANG_ANALYZER_NONNULL = YES;
				CLANG_ANALYZER_NUMBER_OBJECT_CONVERSION = YES_AGGRESSIVE;
				CLANG_CXX_LANGUAGE_STANDARD = "gnu++14";
				CLANG_CXX_LIBRARY = "libc++";
				CLANG_ENABLE_MODULES = YES;
				CLANG_ENABLE_OBJC_ARC = YES;
				CLANG_ENABLE_OBJC_WEAK = YES;
				CLANG_WARN_BLOCK_CAPTURE_AUTORELEASING = YES;
				CLANG_WARN_BOOL_CONVERSION = YES;
				CLANG_WARN_COMMA = YES;
				CLANG_WARN_CONSTANT_CONVERSION = YES;
				CLANG_WARN_DEPRECATED_OBJC_IMPLEMENTATIONS = YES;
				CLANG_WARN_DIRECT_OBJC_ISA_USAGE = YES_ERROR;
				CLANG_WARN_DOCUMENTATION_COMMENTS = YES;
				CLANG_WARN_EMPTY_BODY = YES;
				CLANG_WARN_ENUM_CONVERSION = YES;
				CLANG_WARN_INFINITE_RECURSION = YES;
				CLANG_WARN_INT_CONVERSION = YES;
				CLANG_WARN_NON_LITERAL_NULL_CONVERSION = YES;
				CLANG_WARN_OBJC_IMPLICIT_RETAIN_SELF = YES;
				CLANG_WARN_OBJC_LITERAL_CONVERSION = YES;
				CLANG_WARN_OBJC_ROOT_CLASS = YES_ERROR;
				CLANG_WARN_RANGE_LOOP_ANALYSIS = YES;
				CLANG_WARN_STRICT_PROTOTYPES = YES;
				CLANG_WARN_SUSPICIOUS_MOVE = YES;
				CLANG_WARN_UNGUARDED_AVAILABILITY = YES_AGGRESSIVE;
				CLANG_WARN_UNREACHABLE_CODE = YES;
				CLANG_WARN__DUPLICATE_METHOD_MATCH = YES;
				COPY_PHASE_STRIP = NO;
				DEBUG_INFORMATION_FORMAT = dwarf;
				ENABLE_STRICT_OBJC_MSGSEND = YES;
				ENABLE_TESTABILITY = YES;
				GCC_C_LANGUAGE_STANDARD = gnu11;
				GCC_DYNAMIC_NO_PIC = NO;
				GCC_NO_COMMON_BLOCKS = YES;
				GCC_OPTIMIZATION_LEVEL = 0;
				GCC_PREPROCESSOR_DEFINITIONS = (
					"DEBUG=1",
					"$(inherited)",
				);
				GCC_WARN_64_TO_32_BIT_CONVERSION = YES;
				GCC_WARN_ABOUT_RETURN_TYPE = YES_ERROR;
				GCC_WARN_UNDECLARED_SELECTOR = YES;
				GCC_WARN_UNINITIALIZED_AUTOS = YES_AGGRESSIVE;
				GCC_WARN_UNUSED_FUNCTION = YES;
				GCC_WARN_UNUSED_VARIABLE = YES;
				IPHONEOS_DEPLOYMENT_TARGET = 13.5;
				MTL_ENABLE_DEBUG_INFO = INCLUDE_SOURCE;
				MTL_FAST_MATH = YES;
				ONLY_ACTIVE_ARCH = YES;
				SDKROOT = iphoneos;
				SWIFT_ACTIVE_COMPILATION_CONDITIONS = DEBUG;
				SWIFT_OPTIMIZATION_LEVEL = "-Onone";
			};
			name = Debug;
		};
		22DF0F0B26061EF200C3525F /* Release */ = {
			isa = XCBuildConfiguration;
			buildSettings = {
				ALWAYS_SEARCH_USER_PATHS = NO;
				CLANG_ANALYZER_NONNULL = YES;
				CLANG_ANALYZER_NUMBER_OBJECT_CONVERSION = YES_AGGRESSIVE;
				CLANG_CXX_LANGUAGE_STANDARD = "gnu++14";
				CLANG_CXX_LIBRARY = "libc++";
				CLANG_ENABLE_MODULES = YES;
				CLANG_ENABLE_OBJC_ARC = YES;
				CLANG_ENABLE_OBJC_WEAK = YES;
				CLANG_WARN_BLOCK_CAPTURE_AUTORELEASING = YES;
				CLANG_WARN_BOOL_CONVERSION = YES;
				CLANG_WARN_COMMA = YES;
				CLANG_WARN_CONSTANT_CONVERSION = YES;
				CLANG_WARN_DEPRECATED_OBJC_IMPLEMENTATIONS = YES;
				CLANG_WARN_DIRECT_OBJC_ISA_USAGE = YES_ERROR;
				CLANG_WARN_DOCUMENTATION_COMMENTS = YES;
				CLANG_WARN_EMPTY_BODY = YES;
				CLANG_WARN_ENUM_CONVERSION = YES;
				CLANG_WARN_INFINITE_RECURSION = YES;
				CLANG_WARN_INT_CONVERSION = YES;
				CLANG_WARN_NON_LITERAL_NULL_CONVERSION = YES;
				CLANG_WARN_OBJC_IMPLICIT_RETAIN_SELF = YES;
				CLANG_WARN_OBJC_LITERAL_CONVERSION = YES;
				CLANG_WARN_OBJC_ROOT_CLASS = YES_ERROR;
				CLANG_WARN_RANGE_LOOP_ANALYSIS = YES;
				CLANG_WARN_STRICT_PROTOTYPES = YES;
				CLANG_WARN_SUSPICIOUS_MOVE = YES;
				CLANG_WARN_UNGUARDED_AVAILABILITY = YES_AGGRESSIVE;
				CLANG_WARN_UNREACHABLE_CODE = YES;
				CLANG_WARN__DUPLICATE_METHOD_MATCH = YES;
				COPY_PHASE_STRIP = NO;
				DEBUG_INFORMATION_FORMAT = "dwarf-with-dsym";
				ENABLE_NS_ASSERTIONS = NO;
				ENABLE_STRICT_OBJC_MSGSEND = YES;
				GCC_C_LANGUAGE_STANDARD = gnu11;
				GCC_NO_COMMON_BLOCKS = YES;
				GCC_WARN_64_TO_32_BIT_CONVERSION = YES;
				GCC_WARN_ABOUT_RETURN_TYPE = YES_ERROR;
				GCC_WARN_UNDECLARED_SELECTOR = YES;
				GCC_WARN_UNINITIALIZED_AUTOS = YES_AGGRESSIVE;
				GCC_WARN_UNUSED_FUNCTION = YES;
				GCC_WARN_UNUSED_VARIABLE = YES;
				IPHONEOS_DEPLOYMENT_TARGET = 13.5;
				MTL_ENABLE_DEBUG_INFO = NO;
				MTL_FAST_MATH = YES;
				SDKROOT = iphoneos;
				SWIFT_COMPILATION_MODE = wholemodule;
				SWIFT_OPTIMIZATION_LEVEL = "-O";
				VALIDATE_PRODUCT = YES;
			};
			name = Release;
		};
		22DF0F0D26061EF200C3525F /* Debug */ = {
			isa = XCBuildConfiguration;
			buildSettings = {
				ASSETCATALOG_COMPILER_APPICON_NAME = AppIcon;
				CODE_SIGN_STYLE = Automatic;
				INFOPLIST_FILE = TP2_Groupe_1/Info.plist;
				LD_RUNPATH_SEARCH_PATHS = (
					"$(inherited)",
					"@executable_path/Frameworks",
				);
				PRODUCT_BUNDLE_IDENTIFIER = "com.mbds.g1.TP2-Groupe-1";
				PRODUCT_NAME = "$(TARGET_NAME)";
				SWIFT_VERSION = 5.0;
				TARGETED_DEVICE_FAMILY = "1,2";
			};
			name = Debug;
		};
		22DF0F0E26061EF200C3525F /* Release */ = {
			isa = XCBuildConfiguration;
			buildSettings = {
				ASSETCATALOG_COMPILER_APPICON_NAME = AppIcon;
				CODE_SIGN_STYLE = Automatic;
				INFOPLIST_FILE = TP2_Groupe_1/Info.plist;
				LD_RUNPATH_SEARCH_PATHS = (
					"$(inherited)",
					"@executable_path/Frameworks",
				);
				PRODUCT_BUNDLE_IDENTIFIER = "com.mbds.g1.TP2-Groupe-1";
				PRODUCT_NAME = "$(TARGET_NAME)";
				SWIFT_VERSION = 5.0;
				TARGETED_DEVICE_FAMILY = "1,2";
			};
			name = Release;
		};
/* End XCBuildConfiguration section */

/* Begin XCConfigurationList section */
		22DF0EF326061EEC00C3525F /* Build configuration list for PBXProject "TP2_Groupe_1" */ = {
			isa = XCConfigurationList;
			buildConfigurations = (
				22DF0F0A26061EF200C3525F /* Debug */,
				22DF0F0B26061EF200C3525F /* Release */,
			);
			defaultConfigurationIsVisible = 0;
			defaultConfigurationName = Release;
		};
		22DF0F0C26061EF200C3525F /* Build configuration list for PBXNativeTarget "TP2_Groupe_1" */ = {
			isa = XCConfigurationList;
			buildConfigurations = (
				22DF0F0D26061EF200C3525F /* Debug */,
				22DF0F0E26061EF200C3525F /* Release */,
			);
			defaultConfigurationIsVisible = 0;
			defaultConfigurationName = Release;
		};
/* End XCConfigurationList section */
	};
	rootObject = 22DF0EF026061EEC00C3525F /* Project object */;
}
